PODS:
  - Alamofire (5.7.1)
  - IQKeyboardManagerSwift (6.5.12)
  - ProgressHUD (13.7.2)
  - SwiftGen (6.6.2)

DEPENDENCIES:
  - Alamofire
  - IQKeyboardManagerSwift
  - ProgressHUD
  - SwiftGen (~> 6.0)

SPEC REPOS:
  trunk:
    - Alamofire
    - IQKeyboardManagerSwift
    - ProgressHUD
    - SwiftGen

SPEC CHECKSUMS:
  Alamofire: 0123a34370cb170936ae79a8df46cc62b2edeb88
  IQKeyboardManagerSwift: 371b08cb39664fb56030f5345c815a4ffc74bbc0
  ProgressHUD: 093d24ca970f191744017bee2649e37d0cd1c5b9
  SwiftGen: 1366a7f71aeef49954ca5a63ba4bef6b0f24138c

PODFILE CHECKSUM: fb1fbdb102a3bcb93c43578a962699cf1c854261

COCOAPODS: 1.12.1
